
Microsoft Visual Studio Solution File, Format Version 12.00
# Visual Studio Version 17
VisualStudioVersion = 17.0.31903.59
MinimumVisualStudioVersion = 10.0.40219.1
Project("{FAE04EC0-301F-11D3-BF4B-00C04F79EFBC}") = "ClassVsStruct", "ClassVsStruct\ClassVsStruct.csproj", "{94D0334E-A5C8-4621-AC5D-5DAB1021259F}"
EndProject
Project("{FAE04EC0-301F-11D3-BF4B-00C04F79EFBC}") = "StructWithRef", "StructWithRef\StructWithRef.csproj", "{B5389B2B-DB5B-4950-8260-90A2A5E1324A}"
EndProject
Project("{FAE04EC0-301F-11D3-BF4B-00C04F79EFBC}") = "MiniGame", "MiniGame\MiniGame.csproj", "{65B05702-B1B7-4670-9941-AB0E85C41C32}"
EndProject
Project("{FAE04EC0-301F-11D3-BF4B-00C04F79EFBC}") = "Polimorfismo", "Polimorfismo\Polimorfismo.csproj", "{4F120E41-8398-4105-AA6E-51500C967D34}"
EndProject
Project("{FAE04EC0-301F-11D3-BF4B-00C04F79EFBC}") = "OverrideVsNew", "OverrideVsNew\OverrideVsNew.csproj", "{B85BA612-2AC2-4631-8499-1831E8F98720}"
EndProject
Project("{FAE04EC0-301F-11D3-BF4B-00C04F79EFBC}") = "GameUnit", "GameUnit\GameUnit.csproj", "{00AB7C00-58DB-499D-8AE4-C9766861F052}"
EndProject
Global
	GlobalSection(SolutionConfigurationPlatforms) = preSolution
		Debug|Any CPU = Debug|Any CPU
		Debug|x64 = Debug|x64
		Debug|x86 = Debug|x86
		Release|Any CPU = Release|Any CPU
		Release|x64 = Release|x64
		Release|x86 = Release|x86
	EndGlobalSection
	GlobalSection(ProjectConfigurationPlatforms) = postSolution
		{94D0334E-A5C8-4621-AC5D-5DAB1021259F}.Debug|Any CPU.ActiveCfg = Debug|Any CPU
		{94D0334E-A5C8-4621-AC5D-5DAB1021259F}.Debug|Any CPU.Build.0 = Debug|Any CPU
		{94D0334E-A5C8-4621-AC5D-5DAB1021259F}.Debug|x64.ActiveCfg = Debug|Any CPU
		{94D0334E-A5C8-4621-AC5D-5DAB1021259F}.Debug|x64.Build.0 = Debug|Any CPU
		{94D0334E-A5C8-4621-AC5D-5DAB1021259F}.Debug|x86.ActiveCfg = Debug|Any CPU
		{94D0334E-A5C8-4621-AC5D-5DAB1021259F}.Debug|x86.Build.0 = Debug|Any CPU
		{94D0334E-A5C8-4621-AC5D-5DAB1021259F}.Release|Any CPU.ActiveCfg = Release|Any CPU
		{94D0334E-A5C8-4621-AC5D-5DAB1021259F}.Release|Any CPU.Build.0 = Release|Any CPU
		{94D0334E-A5C8-4621-AC5D-5DAB1021259F}.Release|x64.ActiveCfg = Release|Any CPU
		{94D0334E-A5C8-4621-AC5D-5DAB1021259F}.Release|x64.Build.0 = Release|Any CPU
		{94D0334E-A5C8-4621-AC5D-5DAB1021259F}.Release|x86.ActiveCfg = Release|Any CPU
		{94D0334E-A5C8-4621-AC5D-5DAB1021259F}.Release|x86.Build.0 = Release|Any CPU
		{B5389B2B-DB5B-4950-8260-90A2A5E1324A}.Debug|Any CPU.ActiveCfg = Debug|Any CPU
		{B5389B2B-DB5B-4950-8260-90A2A5E1324A}.Debug|Any CPU.Build.0 = Debug|Any CPU
		{B5389B2B-DB5B-4950-8260-90A2A5E1324A}.Debug|x64.ActiveCfg = Debug|Any CPU
		{B5389B2B-DB5B-4950-8260-90A2A5E1324A}.Debug|x64.Build.0 = Debug|Any CPU
		{B5389B2B-DB5B-4950-8260-90A2A5E1324A}.Debug|x86.ActiveCfg = Debug|Any CPU
		{B5389B2B-DB5B-4950-8260-90A2A5E1324A}.Debug|x86.Build.0 = Debug|Any CPU
		{B5389B2B-DB5B-4950-8260-90A2A5E1324A}.Release|Any CPU.ActiveCfg = Release|Any CPU
		{B5389B2B-DB5B-4950-8260-90A2A5E1324A}.Release|Any CPU.Build.0 = Release|Any CPU
		{B5389B2B-DB5B-4950-8260-90A2A5E1324A}.Release|x64.ActiveCfg = Release|Any CPU
		{B5389B2B-DB5B-4950-8260-90A2A5E1324A}.Release|x64.Build.0 = Release|Any CPU
		{B5389B2B-DB5B-4950-8260-90A2A5E1324A}.Release|x86.ActiveCfg = Release|Any CPU
		{B5389B2B-DB5B-4950-8260-90A2A5E1324A}.Release|x86.Build.0 = Release|Any CPU
		{65B05702-B1B7-4670-9941-AB0E85C41C32}.Debug|Any CPU.ActiveCfg = Debug|Any CPU
		{65B05702-B1B7-4670-9941-AB0E85C41C32}.Debug|Any CPU.Build.0 = Debug|Any CPU
		{65B05702-B1B7-4670-9941-AB0E85C41C32}.Debug|x64.ActiveCfg = Debug|Any CPU
		{65B05702-B1B7-4670-9941-AB0E85C41C32}.Debug|x64.Build.0 = Debug|Any CPU
		{65B05702-B1B7-4670-9941-AB0E85C41C32}.Debug|x86.ActiveCfg = Debug|Any CPU
		{65B05702-B1B7-4670-9941-AB0E85C41C32}.Debug|x86.Build.0 = Debug|Any CPU
		{65B05702-B1B7-4670-9941-AB0E85C41C32}.Release|Any CPU.ActiveCfg = Release|Any CPU
		{65B05702-B1B7-4670-9941-AB0E85C41C32}.Release|Any CPU.Build.0 = Release|Any CPU
		{65B05702-B1B7-4670-9941-AB0E85C41C32}.Release|x64.ActiveCfg = Release|Any CPU
		{65B05702-B1B7-4670-9941-AB0E85C41C32}.Release|x64.Build.0 = Release|Any CPU
		{65B05702-B1B7-4670-9941-AB0E85C41C32}.Release|x86.ActiveCfg = Release|Any CPU
		{65B05702-B1B7-4670-9941-AB0E85C41C32}.Release|x86.Build.0 = Release|Any CPU
		{4F120E41-8398-4105-AA6E-51500C967D34}.Debug|Any CPU.ActiveCfg = Debug|Any CPU
		{4F120E41-8398-4105-AA6E-51500C967D34}.Debug|Any CPU.Build.0 = Debug|Any CPU
		{4F120E41-8398-4105-AA6E-51500C967D34}.Debug|x64.ActiveCfg = Debug|Any CPU
		{4F120E41-8398-4105-AA6E-51500C967D34}.Debug|x64.Build.0 = Debug|Any CPU
		{4F120E41-8398-4105-AA6E-51500C967D34}.Debug|x86.ActiveCfg = Debug|Any CPU
		{4F120E41-8398-4105-AA6E-51500C967D34}.Debug|x86.Build.0 = Debug|Any CPU
		{4F120E41-8398-4105-AA6E-51500C967D34}.Release|Any CPU.ActiveCfg = Release|Any CPU
		{4F120E41-8398-4105-AA6E-51500C967D34}.Release|Any CPU.Build.0 = Release|Any CPU
		{4F120E41-8398-4105-AA6E-51500C967D34}.Release|x64.ActiveCfg = Release|Any CPU
		{4F120E41-8398-4105-AA6E-51500C967D34}.Release|x64.Build.0 = Release|Any CPU
		{4F120E41-8398-4105-AA6E-51500C967D34}.Release|x86.ActiveCfg = Release|Any CPU
		{4F120E41-8398-4105-AA6E-51500C967D34}.Release|x86.Build.0 = Release|Any CPU
		{B85BA612-2AC2-4631-8499-1831E8F98720}.Debug|Any CPU.ActiveCfg = Debug|Any CPU
		{B85BA612-2AC2-4631-8499-1831E8F98720}.Debug|Any CPU.Build.0 = Debug|Any CPU
		{B85BA612-2AC2-4631-8499-1831E8F98720}.Debug|x64.ActiveCfg = Debug|Any CPU
		{B85BA612-2AC2-4631-8499-1831E8F98720}.Debug|x64.Build.0 = Debug|Any CPU
		{B85BA612-2AC2-4631-8499-1831E8F98720}.Debug|x86.ActiveCfg = Debug|Any CPU
		{B85BA612-2AC2-4631-8499-1831E8F98720}.Debug|x86.Build.0 = Debug|Any CPU
		{B85BA612-2AC2-4631-8499-1831E8F98720}.Release|Any CPU.ActiveCfg = Release|Any CPU
		{B85BA612-2AC2-4631-8499-1831E8F98720}.Release|Any CPU.Build.0 = Release|Any CPU
		{B85BA612-2AC2-4631-8499-1831E8F98720}.Release|x64.ActiveCfg = Release|Any CPU
		{B85BA612-2AC2-4631-8499-1831E8F98720}.Release|x64.Build.0 = Release|Any CPU
		{B85BA612-2AC2-4631-8499-1831E8F98720}.Release|x86.ActiveCfg = Release|Any CPU
		{B85BA612-2AC2-4631-8499-1831E8F98720}.Release|x86.Build.0 = Release|Any CPU
		{00AB7C00-58DB-499D-8AE4-C9766861F052}.Debug|Any CPU.ActiveCfg = Debug|Any CPU
		{00AB7C00-58DB-499D-8AE4-C9766861F052}.Debug|Any CPU.Build.0 = Debug|Any CPU
		{00AB7C00-58DB-499D-8AE4-C9766861F052}.Debug|x64.ActiveCfg = Debug|Any CPU
		{00AB7C00-58DB-499D-8AE4-C9766861F052}.Debug|x64.Build.0 = Debug|Any CPU
		{00AB7C00-58DB-499D-8AE4-C9766861F052}.Debug|x86.ActiveCfg = Debug|Any CPU
		{00AB7C00-58DB-499D-8AE4-C9766861F052}.Debug|x86.Build.0 = Debug|Any CPU
		{00AB7C00-58DB-499D-8AE4-C9766861F052}.Release|Any CPU.ActiveCfg = Release|Any CPU
		{00AB7C00-58DB-499D-8AE4-C9766861F052}.Release|Any CPU.Build.0 = Release|Any CPU
		{00AB7C00-58DB-499D-8AE4-C9766861F052}.Release|x64.ActiveCfg = Release|Any CPU
		{00AB7C00-58DB-499D-8AE4-C9766861F052}.Release|x64.Build.0 = Release|Any CPU
		{00AB7C00-58DB-499D-8AE4-C9766861F052}.Release|x86.ActiveCfg = Release|Any CPU
		{00AB7C00-58DB-499D-8AE4-C9766861F052}.Release|x86.Build.0 = Release|Any CPU
	EndGlobalSection
	GlobalSection(SolutionProperties) = preSolution
		HideSolutionNode = FALSE
	EndGlobalSection
EndGlobal
